{
  "version": 4,
  "terraform_version": "1.10.2",
  "serial": 6,
  "lineage": "b4659fba-2c41-cc66-ae67-29fffb29728c",
  "outputs": {
    "count_dir_skipped": {
      "value": 0,
      "type": "number"
    },
    "list_of_new_project_ids": {
      "value": [
        "prj-RFusmz2bgxVnpuzn"
      ],
      "type": [
        "tuple",
        [
          "string"
        ]
      ]
    },
    "list_of_new_project_names": {
      "value": [
        "demo_repo"
      ],
      "type": [
        "tuple",
        [
          "string"
        ]
      ]
    }
  },
  "resources": [
    {
      "mode": "managed",
      "type": "tfe_project",
      "name": "list_of_new_projects",
      "provider": "provider[\"registry.terraform.io/hashicorp/tfe\"]",
      "instances": [
        {
          "index_key": "demo_repo",
          "schema_version": 0,
          "attributes": {
            "description": "Created by Terrafrom Migrate from the Github Repository: tanushreegorai/DemoRepo",
            "id": "prj-RFusmz2bgxVnpuzn",
            "name": "demo_repo",
            "organization": "HashiCorp-tanushree"
          },
          "sensitive_attributes": [],
          "private": "bnVsbA=="
        }
      ]
    },
    {
      "module": "module.workspace_and_variables[\"DemoRepo\"]",
      "mode": "data",
      "type": "tfe_project",
      "name": "project",
      "provider": "provider[\"registry.terraform.io/hashicorp/tfe\"]",
      "instances": [
        {
          "schema_version": 0,
          "attributes": {
            "description": "Created by Terrafrom Migrate from the Github Repository: tanushreegorai/DemoRepo",
            "id": "prj-RFusmz2bgxVnpuzn",
            "name": "demo_repo",
            "organization": "HashiCorp-tanushree",
            "workspace_ids": []
          },
          "sensitive_attributes": []
        }
      ]
    },
    {
      "module": "module.workspace_and_variables[\"DemoRepo\"]",
      "mode": "managed",
      "type": "tfe_variable",
      "name": "variables",
      "provider": "provider[\"registry.terraform.io/hashicorp/tfe\"]",
      "instances": []
    },
    {
      "module": "module.workspace_and_variables[\"DemoRepo\"]",
      "mode": "managed",
      "type": "tfe_workspace",
      "name": "workspaces",
      "provider": "provider[\"registry.terraform.io/hashicorp/tfe\"]",
      "instances": [
        {
          "index_key": "default",
          "schema_version": 1,
          "attributes": {
            "agent_pool_id": "",
            "allow_destroy_plan": true,
            "assessments_enabled": false,
            "auto_apply": false,
            "auto_apply_run_trigger": false,
            "description": "",
            "execution_mode": "remote",
            "file_triggers_enabled": true,
            "force_delete": false,
            "global_remote_state": false,
            "html_url": "https://app.terraform.io/app/HashiCorp-tanushree/workspaces/demo_repo_default",
            "id": "ws-gCggsWuXn8C5w454",
            "ignore_additional_tag_names": null,
            "name": "demo_repo_default",
            "operations": true,
            "organization": "HashiCorp-tanushree",
            "project_id": "prj-RFusmz2bgxVnpuzn",
            "queue_all_runs": false,
            "remote_state_consumer_ids": [],
            "resource_count": 0,
            "source_name": "Tf-Migrate",
            "source_url": "https://github.com/hashicorp/tf-migrate",
            "speculative_enabled": true,
            "ssh_key_id": "",
            "structured_run_output_enabled": true,
            "tag_names": [
              "demo_repo"
            ],
            "terraform_version": "1.10.2",
            "trigger_patterns": null,
            "trigger_prefixes": null,
            "vcs_repo": [],
            "working_directory": ""
          },
          "sensitive_attributes": [],
          "private": "eyJzY2hlbWFfdmVyc2lvbiI6IjEifQ==",
          "dependencies": [
            "module.workspace_and_variables.data.tfe_project.project",
            "tfe_project.list_of_new_projects"
          ]
        }
      ]
    },
    {
      "module": "module.workspace_and_variables[\"DemoRepo\"]",
      "mode": "managed",
      "type": "tfmigrate_state_migration",
      "name": "state-migration",
      "provider": "provider[\"registry.terraform.io/hashicorp/tfmigrate\"]",
      "instances": [
        {
          "index_key": "default",
          "schema_version": 0,
          "attributes": {
            "directory_path": "/Users/tanushreegorai/go/src/DemoRepo",
            "local_workspace": "default",
            "org": "HashiCorp-tanushree",
            "tfc_workspace": "demo_repo_default"
          },
          "sensitive_attributes": [],
          "dependencies": [
            "module.workspace_and_variables.data.tfe_project.project",
            "module.workspace_and_variables.tfe_workspace.workspaces",
            "module.workspace_and_variables.tfmigrate_terraform_init.terraform_init",
            "tfe_project.list_of_new_projects"
          ]
        }
      ]
    },
    {
      "module": "module.workspace_and_variables[\"DemoRepo\"]",
      "mode": "managed",
      "type": "tfmigrate_terraform_init",
      "name": "terraform_init",
      "provider": "provider[\"registry.terraform.io/hashicorp/tfmigrate\"]",
      "instances": [
        {
          "schema_version": 0,
          "attributes": {
            "directory_path": "/Users/tanushreegorai/go/src/DemoRepo",
            "summary": "Terraform Init Completed."
          },
          "sensitive_attributes": [],
          "dependencies": [
            "module.workspace_and_variables.data.tfe_project.project",
            "module.workspace_and_variables.tfe_workspace.workspaces",
            "tfe_project.list_of_new_projects"
          ]
        }
      ]
    },
    {
      "module": "module.workspace_and_variables[\"DemoRepo\"]",
      "mode": "managed",
      "type": "tfmigrate_update_backend",
      "name": "update-backend",
      "provider": "provider[\"registry.terraform.io/hashicorp/tfmigrate\"]",
      "instances": [
        {
          "schema_version": 0,
          "attributes": {
            "backend_file_name": "main.tf",
            "directory_path": "/Users/tanushreegorai/go/src/DemoRepo",
            "org": "HashiCorp-tanushree",
            "project": "demo_repo",
            "tags": [
              "demo_repo"
            ],
            "workspace_map": {
              "default": "demo_repo_default"
            }
          },
          "sensitive_attributes": [],
          "dependencies": [
            "module.workspace_and_variables.data.tfe_project.project",
            "module.workspace_and_variables.tfe_workspace.workspaces",
            "module.workspace_and_variables.tfmigrate_state_migration.state-migration",
            "module.workspace_and_variables.tfmigrate_terraform_init.terraform_init",
            "tfe_project.list_of_new_projects"
          ]
        }
      ]
    }
  ],
  "check_results": null
}
